
Microsoft Visual Studio Solution File, Format Version 12.00
# Visual Studio 15
VisualStudioVersion = 15.0.28307.757
MinimumVisualStudioVersion = 10.0.40219.1
Project("{FAE04EC0-301F-11D3-BF4B-00C04F79EFBC}") = "VegetableStore", "VegetableStore\VegetableStore.csproj", "{3499E109-7A80-4058-9232-7CBEF4AE0493}"
EndProject
Global
	GlobalSection(SolutionConfigurationPlatforms) = preSolution
		Debug|Any CPU = Debug|Any CPU
		Release|Any CPU = Release|Any CPU
	EndGlobalSection
	GlobalSection(ProjectConfigurationPlatforms) = postSolution
		{3499E109-7A80-4058-9232-7CBEF4AE0493}.Debug|Any CPU.ActiveCfg = Debug|Any CPU
		{3499E109-7A80-4058-9232-7CBEF4AE0493}.Debug|Any CPU.Build.0 = Debug|Any CPU
		{3499E109-7A80-4058-9232-7CBEF4AE0493}.Release|Any CPU.ActiveCfg = Release|Any CPU
		{3499E109-7A80-4058-9232-7CBEF4AE0493}.Release|Any CPU.Build.0 = Release|Any CPU
	EndGlobalSection
	GlobalSection(SolutionProperties) = preSolution
		HideSolutionNode = FALSE
	EndGlobalSection
	GlobalSection(ExtensibilityGlobals) = postSolution
		SolutionGuid = {06A17664-6CAC-429F-BC6F-6E1039C6968D}
	EndGlobalSection
EndGlobal
